
Microsoft Visual Studio Solution File, Format Version 12.00
# Visual Studio Version 16
VisualStudioVersion = 16.0.31624.102
MinimumVisualStudioVersion = 10.0.40219.1
Project("{8BC9CEB8-8B4A-11D0-8D11-00A0C91BC942}") = "файлы3.9", "файлы3.9\файлы3.9.vcxproj", "{55B03A4B-6E0A-4E46-AA73-6DA5D143A72B}"
EndProject
Global
	GlobalSection(SolutionConfigurationPlatforms) = preSolution
		Debug|x64 = Debug|x64
		Debug|x86 = Debug|x86
		Release|x64 = Release|x64
		Release|x86 = Release|x86
	EndGlobalSection
	GlobalSection(ProjectConfigurationPlatforms) = postSolution
		{55B03A4B-6E0A-4E46-AA73-6DA5D143A72B}.Debug|x64.ActiveCfg = Debug|x64
		{55B03A4B-6E0A-4E46-AA73-6DA5D143A72B}.Debug|x64.Build.0 = Debug|x64
		{55B03A4B-6E0A-4E46-AA73-6DA5D143A72B}.Debug|x86.ActiveCfg = Debug|Win32
		{55B03A4B-6E0A-4E46-AA73-6DA5D143A72B}.Debug|x86.Build.0 = Debug|Win32
		{55B03A4B-6E0A-4E46-AA73-6DA5D143A72B}.Release|x64.ActiveCfg = Release|x64
		{55B03A4B-6E0A-4E46-AA73-6DA5D143A72B}.Release|x64.Build.0 = Release|x64
		{55B03A4B-6E0A-4E46-AA73-6DA5D143A72B}.Release|x86.ActiveCfg = Release|Win32
		{55B03A4B-6E0A-4E46-AA73-6DA5D143A72B}.Release|x86.Build.0 = Release|Win32
	EndGlobalSection
	GlobalSection(SolutionProperties) = preSolution
		HideSolutionNode = FALSE
	EndGlobalSection
	GlobalSection(ExtensibilityGlobals) = postSolution
		SolutionGuid = {8DF9144F-6054-417B-BE58-F9F2FA1B75DB}
	EndGlobalSection
EndGlobal
